
Microsoft Visual Studio Solution File, Format Version 12.00
# Visual Studio Version 16
VisualStudioVersion = 16.0.30114.105
MinimumVisualStudioVersion = 10.0.40219.1
Project("{FAE04EC0-301F-11D3-BF4B-00C04F79EFBC}") = "Futr_Demo1", "Futr_Demo1\Futr_Demo1.csproj", "{BA1AB5E6-5D4A-40A9-A6A1-2750AA8CF658}"
EndProject
Global
	GlobalSection(SolutionConfigurationPlatforms) = preSolution
		Debug|Any CPU = Debug|Any CPU
		Release|Any CPU = Release|Any CPU
	EndGlobalSection
	GlobalSection(ProjectConfigurationPlatforms) = postSolution
		{BA1AB5E6-5D4A-40A9-A6A1-2750AA8CF658}.Debug|Any CPU.ActiveCfg = Debug|Any CPU
		{BA1AB5E6-5D4A-40A9-A6A1-2750AA8CF658}.Debug|Any CPU.Build.0 = Debug|Any CPU
		{BA1AB5E6-5D4A-40A9-A6A1-2750AA8CF658}.Release|Any CPU.ActiveCfg = Release|Any CPU
		{BA1AB5E6-5D4A-40A9-A6A1-2750AA8CF658}.Release|Any CPU.Build.0 = Release|Any CPU
	EndGlobalSection
	GlobalSection(SolutionProperties) = preSolution
		HideSolutionNode = FALSE
	EndGlobalSection
	GlobalSection(ExtensibilityGlobals) = postSolution
		SolutionGuid = {F937BB67-8BDC-4D21-9169-59B148AEE3BE}
	EndGlobalSection
EndGlobal
